
Microsoft Visual Studio Solution File, Format Version 12.00
# Visual Studio Version 16
VisualStudioVersion = 16.0.30330.147
MinimumVisualStudioVersion = 10.0.40219.1
Project("{9A19103F-16F7-4668-BE54-9A1E7A4F7556}") = "APIFundapecUnapec", "APIFundapecUnapec\APIFundapecUnapec.csproj", "{515ADD6F-FC67-463E-BF4C-47AE007532F5}"
EndProject
Project("{FAE04EC0-301F-11D3-BF4B-00C04F79EFBC}") = "WebApiFundapecUnapec", "WebApiFundapecUnapec\WebApiFundapecUnapec.csproj", "{D75EEB71-1379-4577-9E2E-E38DD038D04E}"
EndProject
Global
	GlobalSection(SolutionConfigurationPlatforms) = preSolution
		Debug|Any CPU = Debug|Any CPU
		Release|Any CPU = Release|Any CPU
	EndGlobalSection
	GlobalSection(ProjectConfigurationPlatforms) = postSolution
		{515ADD6F-FC67-463E-BF4C-47AE007532F5}.Debug|Any CPU.ActiveCfg = Debug|Any CPU
		{515ADD6F-FC67-463E-BF4C-47AE007532F5}.Debug|Any CPU.Build.0 = Debug|Any CPU
		{515ADD6F-FC67-463E-BF4C-47AE007532F5}.Release|Any CPU.ActiveCfg = Release|Any CPU
		{515ADD6F-FC67-463E-BF4C-47AE007532F5}.Release|Any CPU.Build.0 = Release|Any CPU
		{D75EEB71-1379-4577-9E2E-E38DD038D04E}.Debug|Any CPU.ActiveCfg = Debug|Any CPU
		{D75EEB71-1379-4577-9E2E-E38DD038D04E}.Debug|Any CPU.Build.0 = Debug|Any CPU
		{D75EEB71-1379-4577-9E2E-E38DD038D04E}.Release|Any CPU.ActiveCfg = Release|Any CPU
		{D75EEB71-1379-4577-9E2E-E38DD038D04E}.Release|Any CPU.Build.0 = Release|Any CPU
	EndGlobalSection
	GlobalSection(SolutionProperties) = preSolution
		HideSolutionNode = FALSE
	EndGlobalSection
	GlobalSection(ExtensibilityGlobals) = postSolution
		SolutionGuid = {541D5F1C-F741-4BAB-8A05-48974099E138}
	EndGlobalSection
EndGlobal
